
Microsoft Visual Studio Solution File, Format Version 12.00
# Visual Studio Version 17
VisualStudioVersion = 17.11.35327.3
MinimumVisualStudioVersion = 10.0.40219.1
Project("{FAE04EC0-301F-11D3-BF4B-00C04F79EFBC}") = "Alertas", "Alertas.csproj", "{44855553-DB34-45E6-A5DC-8D701A63B147}"
EndProject
Global
	GlobalSection(SolutionConfigurationPlatforms) = preSolution
		Debug|Any CPU = Debug|Any CPU
		Debug|ARM64 = Debug|ARM64
		Release|Any CPU = Release|Any CPU
		Release|ARM64 = Release|ARM64
	EndGlobalSection
	GlobalSection(ProjectConfigurationPlatforms) = postSolution
		{44855553-DB34-45E6-A5DC-8D701A63B147}.Debug|Any CPU.ActiveCfg = Debug|Any CPU
		{44855553-DB34-45E6-A5DC-8D701A63B147}.Debug|Any CPU.Build.0 = Debug|Any CPU
		{44855553-DB34-45E6-A5DC-8D701A63B147}.Debug|ARM64.ActiveCfg = Debug|ARM64
		{44855553-DB34-45E6-A5DC-8D701A63B147}.Debug|ARM64.Build.0 = Debug|ARM64
		{44855553-DB34-45E6-A5DC-8D701A63B147}.Release|Any CPU.ActiveCfg = Release|Any CPU
		{44855553-DB34-45E6-A5DC-8D701A63B147}.Release|Any CPU.Build.0 = Release|Any CPU
		{44855553-DB34-45E6-A5DC-8D701A63B147}.Release|ARM64.ActiveCfg = Release|ARM64
		{44855553-DB34-45E6-A5DC-8D701A63B147}.Release|ARM64.Build.0 = Release|ARM64
	EndGlobalSection
	GlobalSection(SolutionProperties) = preSolution
		HideSolutionNode = FALSE
	EndGlobalSection
	GlobalSection(ExtensibilityGlobals) = postSolution
		SolutionGuid = {EB43E9FE-8120-4AEE-ACBD-9CC42765FFE7}
	EndGlobalSection
EndGlobal
